PODS:
  - ALSInAppPurchase (0.1.5):
    - OpenSSL
    - PodAsset
  - ALSTransactionSdkKit (0.1.9):
    - ALSTransactionSdkKit/interface (= 0.1.9)
    - ALSTransactionSdkKit/plugin (= 0.1.9)
    - ALSTransactionSdkKit/public (= 0.1.9)
  - ALSTransactionSdkKit/interface (0.1.9):
    - ALSInAppPurchase
    - ALSTransactionSdkKit/public
  - ALSTransactionSdkKit/plugin (0.1.9):
    - ALSTransactionSdkKit/public
  - ALSTransactionSdkKit/public (0.1.9)
  - OpenSSL (1.0.210)
  - PodAsset (0.22.0)

DEPENDENCIES:
  - ALSTransactionSdkKit (from `../`)

EXTERNAL SOURCES:
  ALSTransactionSdkKit:
    :path: "../"

SPEC CHECKSUMS:
  ALSInAppPurchase: 57cb6df6282e005e3a31f1f91f5306b5a770e6db
  ALSTransactionSdkKit: 974434ca0148f2cfc91bbd6547d65c9a36bb7b56
  OpenSSL: 246ffb948e9d56466727fd318134af35f5aa764e
  PodAsset: d9d35b6a86ceaeaead63692a1bce27b4aea243b3

PODFILE CHECKSUM: 2358fa75424dff0e927d6db961d3735811e5f07e

COCOAPODS: 1.2.1
